{
  "name": "clasificador-ia",
  "version": "1.0.0",
  "lockfileVersion": 1,
  "requires": true,
  "dependencies": {
    "brain": {
      "version": "0.7.0",
      "resolved": "https://registry.npmjs.org/brain/-/brain-0.7.0.tgz",
      "integrity": "sha1-ptBxjAZKnVDZv/OfOFV7a5TURmw=",
      "requires": {
        "inherits": "~2.0.1",
        "underscore": ">=1.5.1"
      }
    },
    "inherits": {
      "version": "2.0.4",
      "resolved": "https://registry.npmjs.org/inherits/-/inherits-2.0.4.tgz",
      "integrity": "sha512-k/vGaX4/Yla3WzyMCvTQOXYeIHvqOKtnqBduzTHpzpQZzAskKMhZ2K+EnBiSM9zGSoIFeMpXKxa4dYeZIQqewQ=="
    },
    "mimir": {
      "version": "0.0.1",
      "resolved": "https://registry.npmjs.org/mimir/-/mimir-0.0.1.tgz",
      "integrity": "sha1-viomta78WPXG8pv83461qUhcjpk="
    },
    "underscore": {
      "version": "1.9.1",
      "resolved": "https://registry.npmjs.org/underscore/-/underscore-1.9.1.tgz",
      "integrity": "sha512-5/4etnCkd9c8gwgowi5/om/mYO5ajCaOgdzj/oW+0eQV9WxKBDZw5+ycmKmeaTXjInS/W0BzpGLo2xR2aBwZdg=="
    }
  }
}
